
Microsoft Visual Studio Solution File, Format Version 11.00
# Visual Studio 2010
Project("{FAE04EC0-301F-11D3-BF4B-00C04F79EFBC}") = "Pgangel.GUI", "Pgangel.GUI\Pgangel.GUI.csproj", "{A1688862-8A57-465F-8816-16BE75CBA114}"
EndProject
Project("{FAE04EC0-301F-11D3-BF4B-00C04F79EFBC}") = "Pgangel.Data", "Pgangel.Data\Pgangel.Data.csproj", "{938AD82A-B494-4443-9000-5AD63B5FB156}"
EndProject
Project("{FAE04EC0-301F-11D3-BF4B-00C04F79EFBC}") = "Pgangel.IO", "Pgangel.IO\Pgangel.IO.csproj", "{369991B2-3B64-4CB9-80B5-3AE79F316949}"
EndProject
Global
	GlobalSection(SolutionConfigurationPlatforms) = preSolution
		Debug|x86 = Debug|x86
		Release|x86 = Release|x86
	EndGlobalSection
	GlobalSection(ProjectConfigurationPlatforms) = postSolution
		{369991B2-3B64-4CB9-80B5-3AE79F316949}.Debug|x86.ActiveCfg = Debug|Any CPU
		{369991B2-3B64-4CB9-80B5-3AE79F316949}.Debug|x86.Build.0 = Debug|Any CPU
		{369991B2-3B64-4CB9-80B5-3AE79F316949}.Release|x86.ActiveCfg = Release|Any CPU
		{369991B2-3B64-4CB9-80B5-3AE79F316949}.Release|x86.Build.0 = Release|Any CPU
		{938AD82A-B494-4443-9000-5AD63B5FB156}.Debug|x86.ActiveCfg = Debug|Any CPU
		{938AD82A-B494-4443-9000-5AD63B5FB156}.Debug|x86.Build.0 = Debug|Any CPU
		{938AD82A-B494-4443-9000-5AD63B5FB156}.Release|x86.ActiveCfg = Release|Any CPU
		{938AD82A-B494-4443-9000-5AD63B5FB156}.Release|x86.Build.0 = Release|Any CPU
		{A1688862-8A57-465F-8816-16BE75CBA114}.Debug|x86.ActiveCfg = Debug|x86
		{A1688862-8A57-465F-8816-16BE75CBA114}.Debug|x86.Build.0 = Debug|x86
		{A1688862-8A57-465F-8816-16BE75CBA114}.Release|x86.ActiveCfg = Release|x86
		{A1688862-8A57-465F-8816-16BE75CBA114}.Release|x86.Build.0 = Release|x86
	EndGlobalSection
	GlobalSection(MonoDevelopProperties) = preSolution
		StartupItem = Pgangel.GUI\Pgangel.GUI.csproj
	EndGlobalSection
EndGlobal
